
Microsoft Visual Studio Solution File, Format Version 12.00
# Visual Studio Version 17
VisualStudioVersion = 17.2.32516.85
MinimumVisualStudioVersion = 10.0.40219.1
Project("{FAE04EC0-301F-11D3-BF4B-00C04F79EFBC}") = "testGit", "testGit\testGit.csproj", "{B91F5D8C-7157-4CAA-AFE6-DA7B8043BC50}"
EndProject
Global
	GlobalSection(SolutionConfigurationPlatforms) = preSolution
		Debug|Any CPU = Debug|Any CPU
		Release|Any CPU = Release|Any CPU
	EndGlobalSection
	GlobalSection(ProjectConfigurationPlatforms) = postSolution
		{B91F5D8C-7157-4CAA-AFE6-DA7B8043BC50}.Debug|Any CPU.ActiveCfg = Debug|Any CPU
		{B91F5D8C-7157-4CAA-AFE6-DA7B8043BC50}.Debug|Any CPU.Build.0 = Debug|Any CPU
		{B91F5D8C-7157-4CAA-AFE6-DA7B8043BC50}.Release|Any CPU.ActiveCfg = Release|Any CPU
		{B91F5D8C-7157-4CAA-AFE6-DA7B8043BC50}.Release|Any CPU.Build.0 = Release|Any CPU
	EndGlobalSection
	GlobalSection(SolutionProperties) = preSolution
		HideSolutionNode = FALSE
	EndGlobalSection
	GlobalSection(ExtensibilityGlobals) = postSolution
		SolutionGuid = {CADAD35C-F207-49C1-856B-77A48C40E6FC}
	EndGlobalSection
EndGlobal
